
Microsoft Visual Studio Solution File, Format Version 12.00
# Visual Studio Version 17
VisualStudioVersion = 17.8.34330.188
MinimumVisualStudioVersion = 10.0.40219.1
Project("{FAE04EC0-301F-11D3-BF4B-00C04F79EFBC}") = "prs", "prs\prs.csproj", "{840F57AD-F9EF-4349-AEC7-43195F2979A3}"
EndProject
Project("{FAE04EC0-301F-11D3-BF4B-00C04F79EFBC}") = "prsTests", "prsTests\prsTests.csproj", "{DA4166A6-4B95-40A7-9B36-B0C13229385A}"
EndProject
Global
	GlobalSection(SolutionConfigurationPlatforms) = preSolution
		Debug|Any CPU = Debug|Any CPU
		Release|Any CPU = Release|Any CPU
	EndGlobalSection
	GlobalSection(ProjectConfigurationPlatforms) = postSolution
		{840F57AD-F9EF-4349-AEC7-43195F2979A3}.Debug|Any CPU.ActiveCfg = Debug|Any CPU
		{840F57AD-F9EF-4349-AEC7-43195F2979A3}.Debug|Any CPU.Build.0 = Debug|Any CPU
		{840F57AD-F9EF-4349-AEC7-43195F2979A3}.Release|Any CPU.ActiveCfg = Release|Any CPU
		{840F57AD-F9EF-4349-AEC7-43195F2979A3}.Release|Any CPU.Build.0 = Release|Any CPU
		{DA4166A6-4B95-40A7-9B36-B0C13229385A}.Debug|Any CPU.ActiveCfg = Debug|Any CPU
		{DA4166A6-4B95-40A7-9B36-B0C13229385A}.Debug|Any CPU.Build.0 = Debug|Any CPU
		{DA4166A6-4B95-40A7-9B36-B0C13229385A}.Release|Any CPU.ActiveCfg = Release|Any CPU
		{DA4166A6-4B95-40A7-9B36-B0C13229385A}.Release|Any CPU.Build.0 = Release|Any CPU
	EndGlobalSection
	GlobalSection(SolutionProperties) = preSolution
		HideSolutionNode = FALSE
	EndGlobalSection
	GlobalSection(ExtensibilityGlobals) = postSolution
		SolutionGuid = {C4E253F2-7510-49F0-A8A4-55D498F58A7C}
	EndGlobalSection
EndGlobal
